// !$*UTF8*$!
{
	archiveVersion = 1;
	classes = {
	};
	objectVersion = 50;
	objects = {

/* Begin PBXBuildFile section */
		C2F89B9D24B750D80047DCB1 /* AppDelegate.swift in Sources */ = {isa = PBXBuildFile; fileRef = C2F89B9C24B750D80047DCB1 /* AppDelegate.swift */; };
		C2F89B9F24B750D80047DCB1 /* SceneDelegate.swift in Sources */ = {isa = PBXBuildFile; fileRef = C2F89B9E24B750D80047DCB1 /* SceneDelegate.swift */; };
		C2F89BA124B750D80047DCB1 /* ViewController.swift in Sources */ = {isa = PBXBuildFile; fileRef = C2F89BA024B750D80047DCB1 /* ViewController.swift */; };
		C2F89BA424B750D80047DCB1 /* Main.storyboard in Resources */ = {isa = PBXBuildFile; fileRef = C2F89BA224B750D80047DCB1 /* Main.storyboard */; };
		C2F89BA624B750DB0047DCB1 /* Assets.xcassets in Resources */ = {isa = PBXBuildFile; fileRef = C2F89BA524B750DB0047DCB1 /* Assets.xcassets */; };
		C2F89BA924B750DB0047DCB1 /* LaunchScreen.storyboard in Resources */ = {isa = PBXBuildFile; fileRef = C2F89BA724B750DB0047DCB1 /* LaunchScreen.storyboard */; };
		C2F89BB424B750DB0047DCB1 /* CenterCollectionViewExampleTests.swift in Sources */ = {isa = PBXBuildFile; fileRef = C2F89BB324B750DB0047DCB1 /* CenterCollectionViewExampleTests.swift */; };
		C2F89BBF24B750DB0047DCB1 /* CenterCollectionViewExampleUITests.swift in Sources */ = {isa = PBXBuildFile; fileRef = C2F89BBE24B750DB0047DCB1 /* CenterCollectionViewExampleUITests.swift */; };
		C2F89BCD24B756030047DCB1 /* CenterCollectionViewFlowLayout.swift in Sources */ = {isa = PBXBuildFile; fileRef = C2F89BCC24B756030047DCB1 /* CenterCollectionViewFlowLayout.swift */; };
/* End PBXBuildFile section */

/* Begin PBXContainerItemProxy section */
		C2F89BB024B750DB0047DCB1 /* PBXContainerItemProxy */ = {
			isa = PBXContainerItemProxy;
			containerPortal = C2F89B9124B750D80047DCB1 /* Project object */;
			proxyType = 1;
			remoteGlobalIDString = C2F89B9824B750D80047DCB1;
			remoteInfo = CenterCollectionViewExample;
		};
		C2F89BBB24B750DB0047DCB1 /* PBXContainerItemProxy */ = {
			isa = PBXContainerItemProxy;
			containerPortal = C2F89B9124B750D80047DCB1 /* Project object */;
			proxyType = 1;
			remoteGlobalIDString = C2F89B9824B750D80047DCB1;
			remoteInfo = CenterCollectionViewExample;
		};
/* End PBXContainerItemProxy section */

/* Begin PBXFileReference section */
		C2F89B9924B750D80047DCB1 /* CenterCollectionViewExample.app */ = {isa = PBXFileReference; explicitFileType = wrapper.application; includeInIndex = 0; path = CenterCollectionViewExample.app; sourceTree = BUILT_PRODUCTS_DIR; };
		C2F89B9C24B750D80047DCB1 /* AppDelegate.swift */ = {isa = PBXFileReference; lastKnownFileType = sourcecode.swift; path = AppDelegate.swift; sourceTree = "<group>"; };
		C2F89B9E24B750D80047DCB1 /* SceneDelegate.swift */ = {isa = PBXFileReference; lastKnownFileType = sourcecode.swift; path = SceneDelegate.swift; sourceTree = "<group>"; };
		C2F89BA024B750D80047DCB1 /* ViewController.swift */ = {isa = PBXFileReference; lastKnownFileType = sourcecode.swift; path = ViewController.swift; sourceTree = "<group>"; };
		C2F89BA324B750D80047DCB1 /* Base */ = {isa = PBXFileReference; lastKnownFileType = file.storyboard; name = Base; path = Base.lproj/Main.storyboard; sourceTree = "<group>"; };
		C2F89BA524B750DB0047DCB1 /* Assets.xcassets */ = {isa = PBXFileReference; lastKnownFileType = folder.assetcatalog; path = Assets.xcassets; sourceTree = "<group>"; };
		C2F89BA824B750DB0047DCB1 /* Base */ = {isa = PBXFileReference; lastKnownFileType = file.storyboard; name = Base; path = Base.lproj/LaunchScreen.storyboard; sourceTree = "<group>"; };
		C2F89BAA24B750DB0047DCB1 /* Info.plist */ = {isa = PBXFileReference; lastKnownFileType = text.plist.xml; path = Info.plist; sourceTree = "<group>"; };
		C2F89BAF24B750DB0047DCB1 /* CenterCollectionViewExampleTests.xctest */ = {isa = PBXFileReference; explicitFileType = wrapper.cfbundle; includeInIndex = 0; path = CenterCollectionViewExampleTests.xctest; sourceTree = BUILT_PRODUCTS_DIR; };
		C2F89BB324B750DB0047DCB1 /* CenterCollectionViewExampleTests.swift */ = {isa = PBXFileReference; lastKnownFileType = sourcecode.swift; path = CenterCollectionViewExampleTests.swift; sourceTree = "<group>"; };
		C2F89BB524B750DB0047DCB1 /* Info.plist */ = {isa = PBXFileReference; lastKnownFileType = text.plist.xml; path = Info.plist; sourceTree = "<group>"; };
		C2F89BBA24B750DB0047DCB1 /* CenterCollectionViewExampleUITests.xctest */ = {isa = PBXFileReference; explicitFileType = wrapper.cfbundle; includeInIndex = 0; path = CenterCollectionViewExampleUITests.xctest; sourceTree = BUILT_PRODUCTS_DIR; };
		C2F89BBE24B750DB0047DCB1 /* CenterCollectionViewExampleUITests.swift */ = {isa = PBXFileReference; lastKnownFileType = sourcecode.swift; path = CenterCollectionViewExampleUITests.swift; sourceTree = "<group>"; };
		C2F89BC024B750DB0047DCB1 /* Info.plist */ = {isa = PBXFileReference; lastKnownFileType = text.plist.xml; path = Info.plist; sourceTree = "<group>"; };
		C2F89BCC24B756030047DCB1 /* CenterCollectionViewFlowLayout.swift */ = {isa = PBXFileReference; lastKnownFileType = sourcecode.swift; path = CenterCollectionViewFlowLayout.swift; sourceTree = "<group>"; };
/* End PBXFileReference section */

/* Begin PBXFrameworksBuildPhase section */
		C2F89B9624B750D80047DCB1 /* Frameworks */ = {
			isa = PBXFrameworksBuildPhase;
			buildActionMask = 2147483647;
			files = (
			);
			runOnlyForDeploymentPostprocessing = 0;
		};
		C2F89BAC24B750DB0047DCB1 /* Frameworks */ = {
			isa = PBXFrameworksBuildPhase;
			buildActionMask = 2147483647;
			files = (
			);
			runOnlyForDeploymentPostprocessing = 0;
		};
		C2F89BB724B750DB0047DCB1 /* Frameworks */ = {
			isa = PBXFrameworksBuildPhase;
			buildActionMask = 2147483647;
			files = (
			);
			runOnlyForDeploymentPostprocessing = 0;
		};
/* End PBXFrameworksBuildPhase section */

/* Begin PBXGroup section */
		C2F89B9024B750D80047DCB1 = {
			isa = PBXGroup;
			children = (
				C2F89B9B24B750D80047DCB1 /* CenterCollectionViewExample */,
				C2F89BB224B750DB0047DCB1 /* CenterCollectionViewExampleTests */,
				C2F89BBD24B750DB0047DCB1 /* CenterCollectionViewExampleUITests */,
				C2F89B9A24B750D80047DCB1 /* Products */,
			);
			sourceTree = "<group>";
		};
		C2F89B9A24B750D80047DCB1 /* Products */ = {
			isa = PBXGroup;
			children = (
				C2F89B9924B750D80047DCB1 /* CenterCollectionViewExample.app */,
				C2F89BAF24B750DB0047DCB1 /* CenterCollectionViewExampleTests.xctest */,
				C2F89BBA24B750DB0047DCB1 /* CenterCollectionViewExampleUITests.xctest */,
			);
			name = Products;
			sourceTree = "<group>";
		};
		C2F89B9B24B750D80047DCB1 /* CenterCollectionViewExample */ = {
			isa = PBXGroup;
			children = (
				C2F89B9C24B750D80047DCB1 /* AppDelegate.swift */,
				C2F89B9E24B750D80047DCB1 /* SceneDelegate.swift */,
				C2F89BA024B750D80047DCB1 /* ViewController.swift */,
				C2F89BA224B750D80047DCB1 /* Main.storyboard */,
				C2F89BA524B750DB0047DCB1 /* Assets.xcassets */,
				C2F89BA724B750DB0047DCB1 /* LaunchScreen.storyboard */,
				C2F89BAA24B750DB0047DCB1 /* Info.plist */,
				C2F89BCC24B756030047DCB1 /* CenterCollectionViewFlowLayout.swift */,
			);
			path = CenterCollectionViewExample;
			sourceTree = "<group>";
		};
		C2F89BB224B750DB0047DCB1 /* CenterCollectionViewExampleTests */ = {
			isa = PBXGroup;
			children = (
				C2F89BB324B750DB0047DCB1 /* CenterCollectionViewExampleTests.swift */,
				C2F89BB524B750DB0047DCB1 /* Info.plist */,
			);
			path = CenterCollectionViewExampleTests;
			sourceTree = "<group>";
		};
		C2F89BBD24B750DB0047DCB1 /* CenterCollectionViewExampleUITests */ = {
			isa = PBXGroup;
			children = (
				C2F89BBE24B750DB0047DCB1 /* CenterCollectionViewExampleUITests.swift */,
				C2F89BC024B750DB0047DCB1 /* Info.plist */,
			);
			path = CenterCollectionViewExampleUITests;
			sourceTree = "<group>";
		};
/* End PBXGroup section */

/* Begin PBXNativeTarget section */
		C2F89B9824B750D80047DCB1 /* CenterCollectionViewExample */ = {
			isa = PBXNativeTarget;
			buildConfigurationList = C2F89BC324B750DB0047DCB1 /* Build configuration list for PBXNativeTarget "CenterCollectionViewExample" */;
			buildPhases = (
				C2F89B9524B750D80047DCB1 /* Sources */,
				C2F89B9624B750D80047DCB1 /* Frameworks */,
				C2F89B9724B750D80047DCB1 /* Resources */,
			);
			buildRules = (
			);
			dependencies = (
			);
			name = CenterCollectionViewExample;
			productName = CenterCollectionViewExample;
			productReference = C2F89B9924B750D80047DCB1 /* CenterCollectionViewExample.app */;
			productType = "com.apple.product-type.application";
		};
		C2F89BAE24B750DB0047DCB1 /* CenterCollectionViewExampleTests */ = {
			isa = PBXNativeTarget;
			buildConfigurationList = C2F89BC624B750DB0047DCB1 /* Build configuration list for PBXNativeTarget "CenterCollectionViewExampleTests" */;
			buildPhases = (
				C2F89BAB24B750DB0047DCB1 /* Sources */,
				C2F89BAC24B750DB0047DCB1 /* Frameworks */,
				C2F89BAD24B750DB0047DCB1 /* Resources */,
			);
			buildRules = (
			);
			dependencies = (
				C2F89BB124B750DB0047DCB1 /* PBXTargetDependency */,
			);
			name = CenterCollectionViewExampleTests;
			productName = CenterCollectionViewExampleTests;
			productReference = C2F89BAF24B750DB0047DCB1 /* CenterCollectionViewExampleTests.xctest */;
			productType = "com.apple.product-type.bundle.unit-test";
		};
		C2F89BB924B750DB0047DCB1 /* CenterCollectionViewExampleUITests */ = {
			isa = PBXNativeTarget;
			buildConfigurationList = C2F89BC924B750DB0047DCB1 /* Build configuration list for PBXNativeTarget "CenterCollectionViewExampleUITests" */;
			buildPhases = (
				C2F89BB624B750DB0047DCB1 /* Sources */,
				C2F89BB724B750DB0047DCB1 /* Frameworks */,
				C2F89BB824B750DB0047DCB1 /* Resources */,
			);
			buildRules = (
			);
			dependencies = (
				C2F89BBC24B750DB0047DCB1 /* PBXTargetDependency */,
			);
			name = CenterCollectionViewExampleUITests;
			productName = CenterCollectionViewExampleUITests;
			productReference = C2F89BBA24B750DB0047DCB1 /* CenterCollectionViewExampleUITests.xctest */;
			productType = "com.apple.product-type.bundle.ui-testing";
		};
/* End PBXNativeTarget section */

/* Begin PBXProject section */
		C2F89B9124B750D80047DCB1 /* Project object */ = {
			isa = PBXProject;
			attributes = {
				LastSwiftUpdateCheck = 1150;
				LastUpgradeCheck = 1150;
				ORGANIZATIONNAME = eunjin;
				TargetAttributes = {
					C2F89B9824B750D80047DCB1 = {
						CreatedOnToolsVersion = 11.5;
					};
					C2F89BAE24B750DB0047DCB1 = {
						CreatedOnToolsVersion = 11.5;
						TestTargetID = C2F89B9824B750D80047DCB1;
					};
					C2F89BB924B750DB0047DCB1 = {
						CreatedOnToolsVersion = 11.5;
						TestTargetID = C2F89B9824B750D80047DCB1;
					};
				};
			};
			buildConfigurationList = C2F89B9424B750D80047DCB1 /* Build configuration list for PBXProject "CenterCollectionViewExample" */;
			compatibilityVersion = "Xcode 9.3";
			developmentRegion = en;
			hasScannedForEncodings = 0;
			knownRegions = (
				en,
				Base,
			);
			mainGroup = C2F89B9024B750D80047DCB1;
			productRefGroup = C2F89B9A24B750D80047DCB1 /* Products */;
			projectDirPath = "";
			projectRoot = "";
			targets = (
				C2F89B9824B750D80047DCB1 /* CenterCollectionViewExample */,
				C2F89BAE24B750DB0047DCB1 /* CenterCollectionViewExampleTests */,
				C2F89BB924B750DB0047DCB1 /* CenterCollectionViewExampleUITests */,
			);
		};
/* End PBXProject section */

/* Begin PBXResourcesBuildPhase section */
		C2F89B9724B750D80047DCB1 /* Resources */ = {
			isa = PBXResourcesBuildPhase;
			buildActionMask = 2147483647;
			files = (
				C2F89BA924B750DB0047DCB1 /* LaunchScreen.storyboard in Resources */,
				C2F89BA624B750DB0047DCB1 /* Assets.xcassets in Resources */,
				C2F89BA424B750D80047DCB1 /* Main.storyboard in Resources */,
			);
			runOnlyForDeploymentPostprocessing = 0;
		};
		C2F89BAD24B750DB0047DCB1 /* Resources */ = {
			isa = PBXResourcesBuildPhase;
			buildActionMask = 2147483647;
			files = (
			);
			runOnlyForDeploymentPostprocessing = 0;
		};
		C2F89BB824B750DB0047DCB1 /* Resources */ = {
			isa = PBXResourcesBuildPhase;
			buildActionMask = 2147483647;
			files = (
			);
			runOnlyForDeploymentPostprocessing = 0;
		};
/* End PBXResourcesBuildPhase section */

/* Begin PBXSourcesBuildPhase section */
		C2F89B9524B750D80047DCB1 /* Sources */ = {
			isa = PBXSourcesBuildPhase;
			buildActionMask = 2147483647;
			files = (
				C2F89BA124B750D80047DCB1 /* ViewController.swift in Sources */,
				C2F89BCD24B756030047DCB1 /* CenterCollectionViewFlowLayout.swift in Sources */,
				C2F89B9D24B750D80047DCB1 /* AppDelegate.swift in Sources */,
				C2F89B9F24B750D80047DCB1 /* SceneDelegate.swift in Sources */,
			);
			runOnlyForDeploymentPostprocessing = 0;
		};
		C2F89BAB24B750DB0047DCB1 /* Sources */ = {
			isa = PBXSourcesBuildPhase;
			buildActionMask = 2147483647;
			files = (
				C2F89BB424B750DB0047DCB1 /* CenterCollectionViewExampleTests.swift in Sources */,
			);
			runOnlyForDeploymentPostprocessing = 0;
		};
		C2F89BB624B750DB0047DCB1 /* Sources */ = {
			isa = PBXSourcesBuildPhase;
			buildActionMask = 2147483647;
			files = (
				C2F89BBF24B750DB0047DCB1 /* CenterCollectionViewExampleUITests.swift in Sources */,
			);
			runOnlyForDeploymentPostprocessing = 0;
		};
/* End PBXSourcesBuildPhase section */

/* Begin PBXTargetDependency section */
		C2F89BB124B750DB0047DCB1 /* PBXTargetDependency */ = {
			isa = PBXTargetDependency;
			target = C2F89B9824B750D80047DCB1 /* CenterCollectionViewExample */;
			targetProxy = C2F89BB024B750DB0047DCB1 /* PBXContainerItemProxy */;
		};
		C2F89BBC24B750DB0047DCB1 /* PBXTargetDependency */ = {
			isa = PBXTargetDependency;
			target = C2F89B9824B750D80047DCB1 /* CenterCollectionViewExample */;
			targetProxy = C2F89BBB24B750DB0047DCB1 /* PBXContainerItemProxy */;
		};
/* End PBXTargetDependency section */

/* Begin PBXVariantGroup section */
		C2F89BA224B750D80047DCB1 /* Main.storyboard */ = {
			isa = PBXVariantGroup;
			children = (
				C2F89BA324B750D80047DCB1 /* Base */,
			);
			name = Main.storyboard;
			sourceTree = "<group>";
		};
		C2F89BA724B750DB0047DCB1 /* LaunchScreen.storyboard */ = {
			isa = PBXVariantGroup;
			children = (
				C2F89BA824B750DB0047DCB1 /* Base */,
			);
			name = LaunchScreen.storyboard;
			sourceTree = "<group>";
		};
/* End PBXVariantGroup section */

/* Begin XCBuildConfiguration section */
		C2F89BC124B750DB0047DCB1 /* Debug */ = {
			isa = XCBuildConfiguration;
			buildSettings = {
				ALWAYS_SEARCH_USER_PATHS = NO;
				CLANG_ANALYZER_NONNULL = YES;
				CLANG_ANALYZER_NUMBER_OBJECT_CONVERSION = YES_AGGRESSIVE;
				CLANG_CXX_LANGUAGE_STANDARD = "gnu++14";
				CLANG_CXX_LIBRARY = "libc++";
				CLANG_ENABLE_MODULES = YES;
				CLANG_ENABLE_OBJC_ARC = YES;
				CLANG_ENABLE_OBJC_WEAK = YES;
				CLANG_WARN_BLOCK_CAPTURE_AUTORELEASING = YES;
				CLANG_WARN_BOOL_CONVERSION = YES;
				CLANG_WARN_COMMA = YES;
				CLANG_WARN_CONSTANT_CONVERSION = YES;
				CLANG_WARN_DEPRECATED_OBJC_IMPLEMENTATIONS = YES;
				CLANG_WARN_DIRECT_OBJC_ISA_USAGE = YES_ERROR;
				CLANG_WARN_DOCUMENTATION_COMMENTS = YES;
				CLANG_WARN_EMPTY_BODY = YES;
				CLANG_WARN_ENUM_CONVERSION = YES;
				CLANG_WARN_INFINITE_RECURSION = YES;
				CLANG_WARN_INT_CONVERSION = YES;
				CLANG_WARN_NON_LITERAL_NULL_CONVERSION = YES;
				CLANG_WARN_OBJC_IMPLICIT_RETAIN_SELF = YES;
				CLANG_WARN_OBJC_LITERAL_CONVERSION = YES;
				CLANG_WARN_OBJC_ROOT_CLASS = YES_ERROR;
				CLANG_WARN_RANGE_LOOP_ANALYSIS = YES;
				CLANG_WARN_STRICT_PROTOTYPES = YES;
				CLANG_WARN_SUSPICIOUS_MOVE = YES;
				CLANG_WARN_UNGUARDED_AVAILABILITY = YES_AGGRESSIVE;
				CLANG_WARN_UNREACHABLE_CODE = YES;
				CLANG_WARN__DUPLICATE_METHOD_MATCH = YES;
				COPY_PHASE_STRIP = NO;
				DEBUG_INFORMATION_FORMAT = dwarf;
				ENABLE_STRICT_OBJC_MSGSEND = YES;
				ENABLE_TESTABILITY = YES;
				GCC_C_LANGUAGE_STANDARD = gnu11;
				GCC_DYNAMIC_NO_PIC = NO;
				GCC_NO_COMMON_BLOCKS = YES;
				GCC_OPTIMIZATION_LEVEL = 0;
				GCC_PREPROCESSOR_DEFINITIONS = (
					"DEBUG=1",
					"$(inherited)",
				);
				GCC_WARN_64_TO_32_BIT_CONVERSION = YES;
				GCC_WARN_ABOUT_RETURN_TYPE = YES_ERROR;
				GCC_WARN_UNDECLARED_SELECTOR = YES;
				GCC_WARN_UNINITIALIZED_AUTOS = YES_AGGRESSIVE;
				GCC_WARN_UNUSED_FUNCTION = YES;
				GCC_WARN_UNUSED_VARIABLE = YES;
				IPHONEOS_DEPLOYMENT_TARGET = 13.5;
				MTL_ENABLE_DEBUG_INFO = INCLUDE_SOURCE;
				MTL_FAST_MATH = YES;
				ONLY_ACTIVE_ARCH = YES;
				SDKROOT = iphoneos;
				SWIFT_ACTIVE_COMPILATION_CONDITIONS = DEBUG;
				SWIFT_OPTIMIZATION_LEVEL = "-Onone";
			};
			name = Debug;
		};
		C2F89BC224B750DB0047DCB1 /* Release */ = {
			isa = XCBuildConfiguration;
			buildSettings = {
				ALWAYS_SEARCH_USER_PATHS = NO;
				CLANG_ANALYZER_NONNULL = YES;
				CLANG_ANALYZER_NUMBER_OBJECT_CONVERSION = YES_AGGRESSIVE;
				CLANG_CXX_LANGUAGE_STANDARD = "gnu++14";
				CLANG_CXX_LIBRARY = "libc++";
				CLANG_ENABLE_MODULES = YES;
				CLANG_ENABLE_OBJC_ARC = YES;
				CLANG_ENABLE_OBJC_WEAK = YES;
				CLANG_WARN_BLOCK_CAPTURE_AUTORELEASING = YES;
				CLANG_WARN_BOOL_CONVERSION = YES;
				CLANG_WARN_COMMA = YES;
				CLANG_WARN_CONSTANT_CONVERSION = YES;
				CLANG_WARN_DEPRECATED_OBJC_IMPLEMENTATIONS = YES;
				CLANG_WARN_DIRECT_OBJC_ISA_USAGE = YES_ERROR;
				CLANG_WARN_DOCUMENTATION_COMMENTS = YES;
				CLANG_WARN_EMPTY_BODY = YES;
				CLANG_WARN_ENUM_CONVERSION = YES;
				CLANG_WARN_INFINITE_RECURSION = YES;
				CLANG_WARN_INT_CONVERSION = YES;
				CLANG_WARN_NON_LITERAL_NULL_CONVERSION = YES;
				CLANG_WARN_OBJC_IMPLICIT_RETAIN_SELF = YES;
				CLANG_WARN_OBJC_LITERAL_CONVERSION = YES;
				CLANG_WARN_OBJC_ROOT_CLASS = YES_ERROR;
				CLANG_WARN_RANGE_LOOP_ANALYSIS = YES;
				CLANG_WARN_STRICT_PROTOTYPES = YES;
				CLANG_WARN_SUSPICIOUS_MOVE = YES;
				CLANG_WARN_UNGUARDED_AVAILABILITY = YES_AGGRESSIVE;
				CLANG_WARN_UNREACHABLE_CODE = YES;
				CLANG_WARN__DUPLICATE_METHOD_MATCH = YES;
				COPY_PHASE_STRIP = NO;
				DEBUG_INFORMATION_FORMAT = "dwarf-with-dsym";
				ENABLE_NS_ASSERTIONS = NO;
				ENABLE_STRICT_OBJC_MSGSEND = YES;
				GCC_C_LANGUAGE_STANDARD = gnu11;
				GCC_NO_COMMON_BLOCKS = YES;
				GCC_WARN_64_TO_32_BIT_CONVERSION = YES;
				GCC_WARN_ABOUT_RETURN_TYPE = YES_ERROR;
				GCC_WARN_UNDECLARED_SELECTOR = YES;
				GCC_WARN_UNINITIALIZED_AUTOS = YES_AGGRESSIVE;
				GCC_WARN_UNUSED_FUNCTION = YES;
				GCC_WARN_UNUSED_VARIABLE = YES;
				IPHONEOS_DEPLOYMENT_TARGET = 13.5;
				MTL_ENABLE_DEBUG_INFO = NO;
				MTL_FAST_MATH = YES;
				SDKROOT = iphoneos;
				SWIFT_COMPILATION_MODE = wholemodule;
				SWIFT_OPTIMIZATION_LEVEL = "-O";
				VALIDATE_PRODUCT = YES;
			};
			name = Release;
		};
		C2F89BC424B750DB0047DCB1 /* Debug */ = {
			isa = XCBuildConfiguration;
			buildSettings = {
				ASSETCATALOG_COMPILER_APPICON_NAME = AppIcon;
				CODE_SIGN_STYLE = Automatic;
				DEVELOPMENT_TEAM = 6C4YL9RLK7;
				INFOPLIST_FILE = CenterCollectionViewExample/Info.plist;
				LD_RUNPATH_SEARCH_PATHS = (
					"$(inherited)",
					"@executable_path/Frameworks",
				);
				PRODUCT_BUNDLE_IDENTIFIER = com.eunjin.CenterCollectionViewExample;
				PRODUCT_NAME = "$(TARGET_NAME)";
				SWIFT_VERSION = 5.0;
				TARGETED_DEVICE_FAMILY = "1,2";
			};
			name = Debug;
		};
		C2F89BC524B750DB0047DCB1 /* Release */ = {
			isa = XCBuildConfiguration;
			buildSettings = {
				ASSETCATALOG_COMPILER_APPICON_NAME = AppIcon;
				CODE_SIGN_STYLE = Automatic;
				DEVELOPMENT_TEAM = 6C4YL9RLK7;
				INFOPLIST_FILE = CenterCollectionViewExample/Info.plist;
				LD_RUNPATH_SEARCH_PATHS = (
					"$(inherited)",
					"@executable_path/Frameworks",
				);
				PRODUCT_BUNDLE_IDENTIFIER = com.eunjin.CenterCollectionViewExample;
				PRODUCT_NAME = "$(TARGET_NAME)";
				SWIFT_VERSION = 5.0;
				TARGETED_DEVICE_FAMILY = "1,2";
			};
			name = Release;
		};
		C2F89BC724B750DB0047DCB1 /* Debug */ = {
			isa = XCBuildConfiguration;
			buildSettings = {
				ALWAYS_EMBED_SWIFT_STANDARD_LIBRARIES = YES;
				BUNDLE_LOADER = "$(TEST_HOST)";
				CODE_SIGN_STYLE = Automatic;
				DEVELOPMENT_TEAM = 6C4YL9RLK7;
				INFOPLIST_FILE = CenterCollectionViewExampleTests/Info.plist;
				IPHONEOS_DEPLOYMENT_TARGET = 13.5;
				LD_RUNPATH_SEARCH_PATHS = (
					"$(inherited)",
					"@executable_path/Frameworks",
					"@loader_path/Frameworks",
				);
				PRODUCT_BUNDLE_IDENTIFIER = com.eunjin.CenterCollectionViewExampleTests;
				PRODUCT_NAME = "$(TARGET_NAME)";
				SWIFT_VERSION = 5.0;
				TARGETED_DEVICE_FAMILY = "1,2";
				TEST_HOST = "$(BUILT_PRODUCTS_DIR)/CenterCollectionViewExample.app/CenterCollectionViewExample";
			};
			name = Debug;
		};
		C2F89BC824B750DB0047DCB1 /* Release */ = {
			isa = XCBuildConfiguration;
			buildSettings = {
				ALWAYS_EMBED_SWIFT_STANDARD_LIBRARIES = YES;
				BUNDLE_LOADER = "$(TEST_HOST)";
				CODE_SIGN_STYLE = Automatic;
				DEVELOPMENT_TEAM = 6C4YL9RLK7;
				INFOPLIST_FILE = CenterCollectionViewExampleTests/Info.plist;
				IPHONEOS_DEPLOYMENT_TARGET = 13.5;
				LD_RUNPATH_SEARCH_PATHS = (
					"$(inherited)",
					"@executable_path/Frameworks",
					"@loader_path/Frameworks",
				);
				PRODUCT_BUNDLE_IDENTIFIER = com.eunjin.CenterCollectionViewExampleTests;
				PRODUCT_NAME = "$(TARGET_NAME)";
				SWIFT_VERSION = 5.0;
				TARGETED_DEVICE_FAMILY = "1,2";
				TEST_HOST = "$(BUILT_PRODUCTS_DIR)/CenterCollectionViewExample.app/CenterCollectionViewExample";
			};
			name = Release;
		};
		C2F89BCA24B750DB0047DCB1 /* Debug */ = {
			isa = XCBuildConfiguration;
			buildSettings = {
				ALWAYS_EMBED_SWIFT_STANDARD_LIBRARIES = YES;
				CODE_SIGN_STYLE = Automatic;
				DEVELOPMENT_TEAM = 6C4YL9RLK7;
				INFOPLIST_FILE = CenterCollectionViewExampleUITests/Info.plist;
				LD_RUNPATH_SEARCH_PATHS = (
					"$(inherited)",
					"@executable_path/Frameworks",
					"@loader_path/Frameworks",
				);
				PRODUCT_BUNDLE_IDENTIFIER = com.eunjin.CenterCollectionViewExampleUITests;
				PRODUCT_NAME = "$(TARGET_NAME)";
				SWIFT_VERSION = 5.0;
				TARGETED_DEVICE_FAMILY = "1,2";
				TEST_TARGET_NAME = CenterCollectionViewExample;
			};
			name = Debug;
		};
		C2F89BCB24B750DB0047DCB1 /* Release */ = {
			isa = XCBuildConfiguration;
			buildSettings = {
				ALWAYS_EMBED_SWIFT_STANDARD_LIBRARIES = YES;
				CODE_SIGN_STYLE = Automatic;
				DEVELOPMENT_TEAM = 6C4YL9RLK7;
				INFOPLIST_FILE = CenterCollectionViewExampleUITests/Info.plist;
				LD_RUNPATH_SEARCH_PATHS = (
					"$(inherited)",
					"@executable_path/Frameworks",
					"@loader_path/Frameworks",
				);
				PRODUCT_BUNDLE_IDENTIFIER = com.eunjin.CenterCollectionViewExampleUITests;
				PRODUCT_NAME = "$(TARGET_NAME)";
				SWIFT_VERSION = 5.0;
				TARGETED_DEVICE_FAMILY = "1,2";
				TEST_TARGET_NAME = CenterCollectionViewExample;
			};
			name = Release;
		};
/* End XCBuildConfiguration section */

/* Begin XCConfigurationList section */
		C2F89B9424B750D80047DCB1 /* Build configuration list for PBXProject "CenterCollectionViewExample" */ = {
			isa = XCConfigurationList;
			buildConfigurations = (
				C2F89BC124B750DB0047DCB1 /* Debug */,
				C2F89BC224B750DB0047DCB1 /* Release */,
			);
			defaultConfigurationIsVisible = 0;
			defaultConfigurationName = Release;
		};
		C2F89BC324B750DB0047DCB1 /* Build configuration list for PBXNativeTarget "CenterCollectionViewExample" */ = {
			isa = XCConfigurationList;
			buildConfigurations = (
				C2F89BC424B750DB0047DCB1 /* Debug */,
				C2F89BC524B750DB0047DCB1 /* Release */,
			);
			defaultConfigurationIsVisible = 0;
			defaultConfigurationName = Release;
		};
		C2F89BC624B750DB0047DCB1 /* Build configuration list for PBXNativeTarget "CenterCollectionViewExampleTests" */ = {
			isa = XCConfigurationList;
			buildConfigurations = (
				C2F89BC724B750DB0047DCB1 /* Debug */,
				C2F89BC824B750DB0047DCB1 /* Release */,
			);
			defaultConfigurationIsVisible = 0;
			defaultConfigurationName = Release;
		};
		C2F89BC924B750DB0047DCB1 /* Build configuration list for PBXNativeTarget "CenterCollectionViewExampleUITests" */ = {
			isa = XCConfigurationList;
			buildConfigurations = (
				C2F89BCA24B750DB0047DCB1 /* Debug */,
				C2F89BCB24B750DB0047DCB1 /* Release */,
			);
			defaultConfigurationIsVisible = 0;
			defaultConfigurationName = Release;
		};
/* End XCConfigurationList section */
	};
	rootObject = C2F89B9124B750D80047DCB1 /* Project object */;
}
